
Microsoft Visual Studio Solution File, Format Version 12.00
# Visual Studio Version 17
VisualStudioVersion = 17.14.36408.4
MinimumVisualStudioVersion = 10.0.40219.1
Project("{FAE04EC0-301F-11D3-BF4B-00C04F79EFBC}") = "ProyectoFinal", "ProyectoFinal\ProyectoFinal.csproj", "{BFE220FF-6F9B-4950-9B31-AEE064A6D643}"
EndProject
Global
	GlobalSection(SolutionConfigurationPlatforms) = preSolution
		Debug|Any CPU = Debug|Any CPU
		Release|Any CPU = Release|Any CPU
	EndGlobalSection
	GlobalSection(ProjectConfigurationPlatforms) = postSolution
		{BFE220FF-6F9B-4950-9B31-AEE064A6D643}.Debug|Any CPU.ActiveCfg = Debug|Any CPU
		{BFE220FF-6F9B-4950-9B31-AEE064A6D643}.Debug|Any CPU.Build.0 = Debug|Any CPU
		{BFE220FF-6F9B-4950-9B31-AEE064A6D643}.Release|Any CPU.ActiveCfg = Release|Any CPU
		{BFE220FF-6F9B-4950-9B31-AEE064A6D643}.Release|Any CPU.Build.0 = Release|Any CPU
	EndGlobalSection
	GlobalSection(SolutionProperties) = preSolution
		HideSolutionNode = FALSE
	EndGlobalSection
	GlobalSection(ExtensibilityGlobals) = postSolution
		SolutionGuid = {2B4B045E-E4A1-4790-9454-90AA408F4234}
	EndGlobalSection
EndGlobal
